{
    "_readme": [
        "This file locks the dependencies of your project to a known state",
        "Read more about it at https://getcomposer.org/doc/01-basic-usage.md#installing-dependencies",
        "This file is @generated automatically"
    ],
    "content-hash": "2f0db25395dc4969e8f53e176e1db63e",
    "packages": [
        {
            "name": "morrelinko/spam-detector",
            "version": "0.2.0",
            "source": {
                "type": "git",
                "url": "https://github.com/morrelinko/spam-detector.git",
                "reference": "bcff945982b4dbf4cba4477ebce4533cbe2b84b8"
            },
            "dist": {
                "type": "zip",
                "url": "https://api.github.com/repos/morrelinko/spam-detector/zipball/bcff945982b4dbf4cba4477ebce4533cbe2b84b8",
                "reference": "bcff945982b4dbf4cba4477ebce4533cbe2b84b8",
                "shasum": ""
            },
            "require": {
                "php": ">=5.3.0"
            },
            "type": "library",
            "autoload": {
                "psr-4": {
                    "SpamDetector\\": [
                        "src/",
                        "tests/"
                    ]
                }
            },
            "notification-url": "https://packagist.org/downloads/",
            "license": [
                "MIT"
            ],
            "authors": [
                {
                    "name": "Morrison Laju",
                    "email": "morrelinko@gmail.com"
                }
            ],
            "description": "An extensible simple spam detector library",
            "time": "2016-08-17T09:08:09+00:00"
        }
    ],
    "packages-dev": [],
    "aliases": [],
    "minimum-stability": "stable",
    "stability-flags": [],
    "prefer-stable": false,
    "prefer-lowest": false,
    "platform": [],
    "platform-dev": []
}
